
Microsoft Visual Studio Solution File, Format Version 12.00
# Visual Studio Version 17
VisualStudioVersion = 17.2.32616.157
MinimumVisualStudioVersion = 10.0.40219.1
Project("{FAE04EC0-301F-11D3-BF4B-00C04F79EFBC}") = "wegen", "wegen\wegen.csproj", "{313723DB-71C7-4C52-A195-A01C3AE53346}"
EndProject
Global
	GlobalSection(SolutionConfigurationPlatforms) = preSolution
		Debug|Any CPU = Debug|Any CPU
		Release|Any CPU = Release|Any CPU
	EndGlobalSection
	GlobalSection(ProjectConfigurationPlatforms) = postSolution
		{313723DB-71C7-4C52-A195-A01C3AE53346}.Debug|Any CPU.ActiveCfg = Debug|Any CPU
		{313723DB-71C7-4C52-A195-A01C3AE53346}.Debug|Any CPU.Build.0 = Debug|Any CPU
		{313723DB-71C7-4C52-A195-A01C3AE53346}.Release|Any CPU.ActiveCfg = Release|Any CPU
		{313723DB-71C7-4C52-A195-A01C3AE53346}.Release|Any CPU.Build.0 = Release|Any CPU
	EndGlobalSection
	GlobalSection(SolutionProperties) = preSolution
		HideSolutionNode = FALSE
	EndGlobalSection
	GlobalSection(ExtensibilityGlobals) = postSolution
		SolutionGuid = {4BF46350-90B1-4E9B-874B-024F3CBE8012}
	EndGlobalSection
EndGlobal
